
Microsoft Visual Studio Solution File, Format Version 12.00
# Visual Studio 15
VisualStudioVersion = 15.0.28010.2003
MinimumVisualStudioVersion = 10.0.40219.1
Project("{2150E333-8FDC-42A3-9474-1A3956D46DE8}") = "Colaboradores", "Colaboradores", "{E5BB644B-D981-450B-BC32-B8382A3614FC}"
EndProject
Project("{2150E333-8FDC-42A3-9474-1A3956D46DE8}") = "0 - Apresentacao", "0 - Apresentacao", "{9B220B43-59AB-45C8-BB94-4E8489C23F4F}"
EndProject
Project("{2150E333-8FDC-42A3-9474-1A3956D46DE8}") = "1 - Servicos", "1 - Servicos", "{1EAD7476-2B07-42FF-BC1F-136E495F71EB}"
EndProject
Project("{2150E333-8FDC-42A3-9474-1A3956D46DE8}") = "2 -Aplicacao", "2 -Aplicacao", "{750955AE-DF3D-4193-B625-57E8AE2B68FB}"
EndProject
Project("{2150E333-8FDC-42A3-9474-1A3956D46DE8}") = "3 -  Dominio", "3 -  Dominio", "{DA54E270-2D10-4A95-BA9A-36B12B1F8244}"
EndProject
Project("{2150E333-8FDC-42A3-9474-1A3956D46DE8}") = "4 -  Infra.Data", "4 -  Infra.Data", "{E758CE11-D61F-44CB-A72E-DFFA80D3491F}"
EndProject
Project("{FAE04EC0-301F-11D3-BF4B-00C04F79EFBC}") = "BRT.HRT.Colaboradores.WebAPI", "BRT.HRT.Colaboradores.WebAPI\BRT.HRT.Colaboradores.WebAPI.csproj", "{725C6EB7-466C-45DA-98EF-9BD11E21AB5D}"
EndProject
Project("{FAE04EC0-301F-11D3-BF4B-00C04F79EFBC}") = "BRQ.HRT.Colaboradores.Dominio", "BRQ.HRT.Colaboradores.Dominio\BRQ.HRT.Colaboradores.Dominio.csproj", "{13210B78-C8E9-4703-BBDD-1C522AD89323}"
EndProject
Project("{FAE04EC0-301F-11D3-BF4B-00C04F79EFBC}") = "BRQ.HRT.Colaboradores.Infra.Data", "BRQ.HRT.Colaboradores.Infra.Data\BRQ.HRT.Colaboradores.Infra.Data.csproj", "{4AA2BCFA-0E13-4272-BA8D-78A4485FF7B0}"
EndProject
Project("{FAE04EC0-301F-11D3-BF4B-00C04F79EFBC}") = "BRQ.HRT.Colaboradores.Servicos", "BRQ.HRT.Colaboradores.Servicos\BRQ.HRT.Colaboradores.Servicos.csproj", "{45290472-1207-4531-B458-1B487559A1BB}"
EndProject
Project("{FAE04EC0-301F-11D3-BF4B-00C04F79EFBC}") = "BRQ.HRT.Colaboradores.Aplicacao", "BRQ.HRT.Colaboradores.Aplicacao\BRQ.HRT.Colaboradores.Aplicacao.csproj", "{62B70728-0E48-4284-98E0-0C0B262D97D2}"
EndProject
Global
	GlobalSection(SolutionConfigurationPlatforms) = preSolution
		Debug|Any CPU = Debug|Any CPU
		Release|Any CPU = Release|Any CPU
	EndGlobalSection
	GlobalSection(ProjectConfigurationPlatforms) = postSolution
		{725C6EB7-466C-45DA-98EF-9BD11E21AB5D}.Debug|Any CPU.ActiveCfg = Debug|Any CPU
		{725C6EB7-466C-45DA-98EF-9BD11E21AB5D}.Debug|Any CPU.Build.0 = Debug|Any CPU
		{725C6EB7-466C-45DA-98EF-9BD11E21AB5D}.Release|Any CPU.ActiveCfg = Release|Any CPU
		{725C6EB7-466C-45DA-98EF-9BD11E21AB5D}.Release|Any CPU.Build.0 = Release|Any CPU
		{13210B78-C8E9-4703-BBDD-1C522AD89323}.Debug|Any CPU.ActiveCfg = Debug|Any CPU
		{13210B78-C8E9-4703-BBDD-1C522AD89323}.Debug|Any CPU.Build.0 = Debug|Any CPU
		{13210B78-C8E9-4703-BBDD-1C522AD89323}.Release|Any CPU.ActiveCfg = Release|Any CPU
		{13210B78-C8E9-4703-BBDD-1C522AD89323}.Release|Any CPU.Build.0 = Release|Any CPU
		{4AA2BCFA-0E13-4272-BA8D-78A4485FF7B0}.Debug|Any CPU.ActiveCfg = Debug|Any CPU
		{4AA2BCFA-0E13-4272-BA8D-78A4485FF7B0}.Debug|Any CPU.Build.0 = Debug|Any CPU
		{4AA2BCFA-0E13-4272-BA8D-78A4485FF7B0}.Release|Any CPU.ActiveCfg = Release|Any CPU
		{4AA2BCFA-0E13-4272-BA8D-78A4485FF7B0}.Release|Any CPU.Build.0 = Release|Any CPU
		{45290472-1207-4531-B458-1B487559A1BB}.Debug|Any CPU.ActiveCfg = Debug|Any CPU
		{45290472-1207-4531-B458-1B487559A1BB}.Debug|Any CPU.Build.0 = Debug|Any CPU
		{45290472-1207-4531-B458-1B487559A1BB}.Release|Any CPU.ActiveCfg = Release|Any CPU
		{45290472-1207-4531-B458-1B487559A1BB}.Release|Any CPU.Build.0 = Release|Any CPU
		{62B70728-0E48-4284-98E0-0C0B262D97D2}.Debug|Any CPU.ActiveCfg = Debug|Any CPU
		{62B70728-0E48-4284-98E0-0C0B262D97D2}.Debug|Any CPU.Build.0 = Debug|Any CPU
		{62B70728-0E48-4284-98E0-0C0B262D97D2}.Release|Any CPU.ActiveCfg = Release|Any CPU
		{62B70728-0E48-4284-98E0-0C0B262D97D2}.Release|Any CPU.Build.0 = Release|Any CPU
	EndGlobalSection
	GlobalSection(SolutionProperties) = preSolution
		HideSolutionNode = FALSE
	EndGlobalSection
	GlobalSection(NestedProjects) = preSolution
		{9B220B43-59AB-45C8-BB94-4E8489C23F4F} = {E5BB644B-D981-450B-BC32-B8382A3614FC}
		{1EAD7476-2B07-42FF-BC1F-136E495F71EB} = {E5BB644B-D981-450B-BC32-B8382A3614FC}
		{750955AE-DF3D-4193-B625-57E8AE2B68FB} = {E5BB644B-D981-450B-BC32-B8382A3614FC}
		{DA54E270-2D10-4A95-BA9A-36B12B1F8244} = {E5BB644B-D981-450B-BC32-B8382A3614FC}
		{E758CE11-D61F-44CB-A72E-DFFA80D3491F} = {E5BB644B-D981-450B-BC32-B8382A3614FC}
		{725C6EB7-466C-45DA-98EF-9BD11E21AB5D} = {9B220B43-59AB-45C8-BB94-4E8489C23F4F}
		{13210B78-C8E9-4703-BBDD-1C522AD89323} = {DA54E270-2D10-4A95-BA9A-36B12B1F8244}
		{4AA2BCFA-0E13-4272-BA8D-78A4485FF7B0} = {E758CE11-D61F-44CB-A72E-DFFA80D3491F}
		{45290472-1207-4531-B458-1B487559A1BB} = {1EAD7476-2B07-42FF-BC1F-136E495F71EB}
		{62B70728-0E48-4284-98E0-0C0B262D97D2} = {750955AE-DF3D-4193-B625-57E8AE2B68FB}
	EndGlobalSection
	GlobalSection(ExtensibilityGlobals) = postSolution
		SolutionGuid = {3F643FA9-106D-44C5-9FCB-AB81A8D8B1E0}
	EndGlobalSection
EndGlobal
